Microsoft Visual Studio Solution File, Format Version 12.00
# Visual Studio Version 17
VisualStudioVersion = 17.5.2.0
MinimumVisualStudioVersion = 10.0.40219.1
Project("{FAE04EC0-301F-11D3-BF4B-00C04F79EFBC}") = "hwinfoapp", "hwinfoapp.csproj", "{3E3F745F-1494-F44D-0FC9-4ED9596B0AEB}"
EndProject
Global
	GlobalSection(SolutionConfigurationPlatforms) = preSolution
		Debug|Any CPU = Debug|Any CPU
		Release|Any CPU = Release|Any CPU
	EndGlobalSection
	GlobalSection(ProjectConfigurationPlatforms) = postSolution
		{3E3F745F-1494-F44D-0FC9-4ED9596B0AEB}.Debug|Any CPU.ActiveCfg = Debug|Any CPU
		{3E3F745F-1494-F44D-0FC9-4ED9596B0AEB}.Debug|Any CPU.Build.0 = Debug|Any CPU
		{3E3F745F-1494-F44D-0FC9-4ED9596B0AEB}.Release|Any CPU.ActiveCfg = Release|Any CPU
		{3E3F745F-1494-F44D-0FC9-4ED9596B0AEB}.Release|Any CPU.Build.0 = Release|Any CPU
	EndGlobalSection
	GlobalSection(SolutionProperties) = preSolution
		HideSolutionNode = FALSE
	EndGlobalSection
	GlobalSection(ExtensibilityGlobals) = postSolution
		SolutionGuid = {876E9225-82A1-4FD3-8B82-EE7A38E0554D}
	EndGlobalSection
EndGlobal
